// !$*UTF8*$!
{
	archiveVersion = 1;
	classes = {
	};
	objectVersion = 56;
	objects = {

/* Begin PBXBuildFile section */
		28292BBA2CAC711900EB8AD3 /* InterviewApp.swift in Sources */ = {isa = PBXBuildFile; fileRef = 28292BB92CAC711900EB8AD3 /* InterviewApp.swift */; };
		28292BBC2CAC711900EB8AD3 /* ContentView.swift in Sources */ = {isa = PBXBuildFile; fileRef = 28292BBB2CAC711900EB8AD3 /* ContentView.swift */; };
		28292BBE2CAC711C00EB8AD3 /* Assets.xcassets in Resources */ = {isa = PBXBuildFile; fileRef = 28292BBD2CAC711C00EB8AD3 /* Assets.xcassets */; };
		28292BC12CAC711C00EB8AD3 /* Preview Assets.xcassets in Resources */ = {isa = PBXBuildFile; fileRef = 28292BC02CAC711C00EB8AD3 /* Preview Assets.xcassets */; };
		28292BCB2CAC711C00EB8AD3 /* InterviewTests.swift in Sources */ = {isa = PBXBuildFile; fileRef = 28292BCA2CAC711C00EB8AD3 /* InterviewTests.swift */; };
		28292BD52CAC711C00EB8AD3 /* InterviewUITests.swift in Sources */ = {isa = PBXBuildFile; fileRef = 28292BD42CAC711C00EB8AD3 /* InterviewUITests.swift */; };
		28292BD72CAC711C00EB8AD3 /* InterviewUITestsLaunchTests.swift in Sources */ = {isa = PBXBuildFile; fileRef = 28292BD62CAC711C00EB8AD3 /* InterviewUITestsLaunchTests.swift */; };
		28292BE42CAC717E00EB8AD3 /* RowCounterView.swift in Sources */ = {isa = PBXBuildFile; fileRef = 28292BE32CAC717E00EB8AD3 /* RowCounterView.swift */; };
		28292BE62CAC7A5A00EB8AD3 /* CounterModel.swift in Sources */ = {isa = PBXBuildFile; fileRef = 28292BE52CAC7A5A00EB8AD3 /* CounterModel.swift */; };
/* End PBXBuildFile section */

/* Begin PBXContainerItemProxy section */
		28292BC72CAC711C00EB8AD3 /* PBXContainerItemProxy */ = {
			isa = PBXContainerItemProxy;
			containerPortal = 28292BAE2CAC711900EB8AD3 /* Project object */;
			proxyType = 1;
			remoteGlobalIDString = 28292BB52CAC711900EB8AD3;
			remoteInfo = Interview;
		};
		28292BD12CAC711C00EB8AD3 /* PBXContainerItemProxy */ = {
			isa = PBXContainerItemProxy;
			containerPortal = 28292BAE2CAC711900EB8AD3 /* Project object */;
			proxyType = 1;
			remoteGlobalIDString = 28292BB52CAC711900EB8AD3;
			remoteInfo = Interview;
		};
/* End PBXContainerItemProxy section */

/* Begin PBXFileReference section */
		28292BB62CAC711900EB8AD3 /* Interview.app */ = {isa = PBXFileReference; explicitFileType = wrapper.application; includeInIndex = 0; path = Interview.app; sourceTree = BUILT_PRODUCTS_DIR; };
		28292BB92CAC711900EB8AD3 /* InterviewApp.swift */ = {isa = PBXFileReference; lastKnownFileType = sourcecode.swift; path = InterviewApp.swift; sourceTree = "<group>"; };
		28292BBB2CAC711900EB8AD3 /* ContentView.swift */ = {isa = PBXFileReference; lastKnownFileType = sourcecode.swift; path = ContentView.swift; sourceTree = "<group>"; };
		28292BBD2CAC711C00EB8AD3 /* Assets.xcassets */ = {isa = PBXFileReference; lastKnownFileType = folder.assetcatalog; path = Assets.xcassets; sourceTree = "<group>"; };
		28292BC02CAC711C00EB8AD3 /* Preview Assets.xcassets */ = {isa = PBXFileReference; lastKnownFileType = folder.assetcatalog; path = "Preview Assets.xcassets"; sourceTree = "<group>"; };
		28292BC62CAC711C00EB8AD3 /* InterviewTests.xctest */ = {isa = PBXFileReference; explicitFileType = wrapper.cfbundle; includeInIndex = 0; path = InterviewTests.xctest; sourceTree = BUILT_PRODUCTS_DIR; };
		28292BCA2CAC711C00EB8AD3 /* InterviewTests.swift */ = {isa = PBXFileReference; lastKnownFileType = sourcecode.swift; path = InterviewTests.swift; sourceTree = "<group>"; };
		28292BD02CAC711C00EB8AD3 /* InterviewUITests.xctest */ = {isa = PBXFileReference; explicitFileType = wrapper.cfbundle; includeInIndex = 0; path = InterviewUITests.xctest; sourceTree = BUILT_PRODUCTS_DIR; };
		28292BD42CAC711C00EB8AD3 /* InterviewUITests.swift */ = {isa = PBXFileReference; lastKnownFileType = sourcecode.swift; path = InterviewUITests.swift; sourceTree = "<group>"; };
		28292BD62CAC711C00EB8AD3 /* InterviewUITestsLaunchTests.swift */ = {isa = PBXFileReference; lastKnownFileType = sourcecode.swift; path = InterviewUITestsLaunchTests.swift; sourceTree = "<group>"; };
		28292BE32CAC717E00EB8AD3 /* RowCounterView.swift */ = {isa = PBXFileReference; lastKnownFileType = sourcecode.swift; path = RowCounterView.swift; sourceTree = "<group>"; };
		28292BE52CAC7A5A00EB8AD3 /* CounterModel.swift */ = {isa = PBXFileReference; lastKnownFileType = sourcecode.swift; path = CounterModel.swift; sourceTree = "<group>"; };
/* End PBXFileReference section */

/* Begin PBXFrameworksBuildPhase section */
		28292BB32CAC711900EB8AD3 /* Frameworks */ = {
			isa = PBXFrameworksBuildPhase;
			buildActionMask = 2147483647;
			files = (
			);
			runOnlyForDeploymentPostprocessing = 0;
		};
		28292BC32CAC711C00EB8AD3 /* Frameworks */ = {
			isa = PBXFrameworksBuildPhase;
			buildActionMask = 2147483647;
			files = (
			);
			runOnlyForDeploymentPostprocessing = 0;
		};
		28292BCD2CAC711C00EB8AD3 /* Frameworks */ = {
			isa = PBXFrameworksBuildPhase;
			buildActionMask = 2147483647;
			files = (
			);
			runOnlyForDeploymentPostprocessing = 0;
		};
/* End PBXFrameworksBuildPhase section */

/* Begin PBXGroup section */
		28292BAD2CAC711900EB8AD3 = {
			isa = PBXGroup;
			children = (
				28292BB82CAC711900EB8AD3 /* Interview */,
				28292BC92CAC711C00EB8AD3 /* InterviewTests */,
				28292BD32CAC711C00EB8AD3 /* InterviewUITests */,
				28292BB72CAC711900EB8AD3 /* Products */,
			);
			sourceTree = "<group>";
		};
		28292BB72CAC711900EB8AD3 /* Products */ = {
			isa = PBXGroup;
			children = (
				28292BB62CAC711900EB8AD3 /* Interview.app */,
				28292BC62CAC711C00EB8AD3 /* InterviewTests.xctest */,
				28292BD02CAC711C00EB8AD3 /* InterviewUITests.xctest */,
			);
			name = Products;
			sourceTree = "<group>";
		};
		28292BB82CAC711900EB8AD3 /* Interview */ = {
			isa = PBXGroup;
			children = (
				28292BB92CAC711900EB8AD3 /* InterviewApp.swift */,
				28292BBB2CAC711900EB8AD3 /* ContentView.swift */,
				28292BE32CAC717E00EB8AD3 /* RowCounterView.swift */,
				28292BE52CAC7A5A00EB8AD3 /* CounterModel.swift */,
				28292BBD2CAC711C00EB8AD3 /* Assets.xcassets */,
				28292BBF2CAC711C00EB8AD3 /* Preview Content */,
			);
			path = Interview;
			sourceTree = "<group>";
		};
		28292BBF2CAC711C00EB8AD3 /* Preview Content */ = {
			isa = PBXGroup;
			children = (
				28292BC02CAC711C00EB8AD3 /* Preview Assets.xcassets */,
			);
			path = "Preview Content";
			sourceTree = "<group>";
		};
		28292BC92CAC711C00EB8AD3 /* InterviewTests */ = {
			isa = PBXGroup;
			children = (
				28292BCA2CAC711C00EB8AD3 /* InterviewTests.swift */,
			);
			path = InterviewTests;
			sourceTree = "<group>";
		};
		28292BD32CAC711C00EB8AD3 /* InterviewUITests */ = {
			isa = PBXGroup;
			children = (
				28292BD42CAC711C00EB8AD3 /* InterviewUITests.swift */,
				28292BD62CAC711C00EB8AD3 /* InterviewUITestsLaunchTests.swift */,
			);
			path = InterviewUITests;
			sourceTree = "<group>";
		};
/* End PBXGroup section */

/* Begin PBXNativeTarget section */
		28292BB52CAC711900EB8AD3 /* Interview */ = {
			isa = PBXNativeTarget;
			buildConfigurationList = 28292BDA2CAC711C00EB8AD3 /* Build configuration list for PBXNativeTarget "Interview" */;
			buildPhases = (
				28292BB22CAC711900EB8AD3 /* Sources */,
				28292BB32CAC711900EB8AD3 /* Frameworks */,
				28292BB42CAC711900EB8AD3 /* Resources */,
			);
			buildRules = (
			);
			dependencies = (
			);
			name = Interview;
			productName = Interview;
			productReference = 28292BB62CAC711900EB8AD3 /* Interview.app */;
			productType = "com.apple.product-type.application";
		};
		28292BC52CAC711C00EB8AD3 /* InterviewTests */ = {
			isa = PBXNativeTarget;
			buildConfigurationList = 28292BDD2CAC711C00EB8AD3 /* Build configuration list for PBXNativeTarget "InterviewTests" */;
			buildPhases = (
				28292BC22CAC711C00EB8AD3 /* Sources */,
				28292BC32CAC711C00EB8AD3 /* Frameworks */,
				28292BC42CAC711C00EB8AD3 /* Resources */,
			);
			buildRules = (
			);
			dependencies = (
				28292BC82CAC711C00EB8AD3 /* PBXTargetDependency */,
			);
			name = InterviewTests;
			productName = InterviewTests;
			productReference = 28292BC62CAC711C00EB8AD3 /* InterviewTests.xctest */;
			productType = "com.apple.product-type.bundle.unit-test";
		};
		28292BCF2CAC711C00EB8AD3 /* InterviewUITests */ = {
			isa = PBXNativeTarget;
			buildConfigurationList = 28292BE02CAC711C00EB8AD3 /* Build configuration list for PBXNativeTarget "InterviewUITests" */;
			buildPhases = (
				28292BCC2CAC711C00EB8AD3 /* Sources */,
				28292BCD2CAC711C00EB8AD3 /* Frameworks */,
				28292BCE2CAC711C00EB8AD3 /* Resources */,
			);
			buildRules = (
			);
			dependencies = (
				28292BD22CAC711C00EB8AD3 /* PBXTargetDependency */,
			);
			name = InterviewUITests;
			productName = InterviewUITests;
			productReference = 28292BD02CAC711C00EB8AD3 /* InterviewUITests.xctest */;
			productType = "com.apple.product-type.bundle.ui-testing";
		};
/* End PBXNativeTarget section */

/* Begin PBXProject section */
		28292BAE2CAC711900EB8AD3 /* Project object */ = {
			isa = PBXProject;
			attributes = {
				BuildIndependentTargetsInParallel = 1;
				LastSwiftUpdateCheck = 1540;
				LastUpgradeCheck = 1540;
				TargetAttributes = {
					28292BB52CAC711900EB8AD3 = {
						CreatedOnToolsVersion = 15.4;
					};
					28292BC52CAC711C00EB8AD3 = {
						CreatedOnToolsVersion = 15.4;
						TestTargetID = 28292BB52CAC711900EB8AD3;
					};
					28292BCF2CAC711C00EB8AD3 = {
						CreatedOnToolsVersion = 15.4;
						TestTargetID = 28292BB52CAC711900EB8AD3;
					};
				};
			};
			buildConfigurationList = 28292BB12CAC711900EB8AD3 /* Build configuration list for PBXProject "Interview" */;
			compatibilityVersion = "Xcode 14.0";
			developmentRegion = en;
			hasScannedForEncodings = 0;
			knownRegions = (
				en,
				Base,
			);
			mainGroup = 28292BAD2CAC711900EB8AD3;
			productRefGroup = 28292BB72CAC711900EB8AD3 /* Products */;
			projectDirPath = "";
			projectRoot = "";
			targets = (
				28292BB52CAC711900EB8AD3 /* Interview */,
				28292BC52CAC711C00EB8AD3 /* InterviewTests */,
				28292BCF2CAC711C00EB8AD3 /* InterviewUITests */,
			);
		};
/* End PBXProject section */

/* Begin PBXResourcesBuildPhase section */
		28292BB42CAC711900EB8AD3 /* Resources */ = {
			isa = PBXResourcesBuildPhase;
			buildActionMask = 2147483647;
			files = (
				28292BC12CAC711C00EB8AD3 /* Preview Assets.xcassets in Resources */,
				28292BBE2CAC711C00EB8AD3 /* Assets.xcassets in Resources */,
			);
			runOnlyForDeploymentPostprocessing = 0;
		};
		28292BC42CAC711C00EB8AD3 /* Resources */ = {
			isa = PBXResourcesBuildPhase;
			buildActionMask = 2147483647;
			files = (
			);
			runOnlyForDeploymentPostprocessing = 0;
		};
		28292BCE2CAC711C00EB8AD3 /* Resources */ = {
			isa = PBXResourcesBuildPhase;
			buildActionMask = 2147483647;
			files = (
			);
			runOnlyForDeploymentPostprocessing = 0;
		};
/* End PBXResourcesBuildPhase section */

/* Begin PBXSourcesBuildPhase section */
		28292BB22CAC711900EB8AD3 /* Sources */ = {
			isa = PBXSourcesBuildPhase;
			buildActionMask = 2147483647;
			files = (
				28292BE42CAC717E00EB8AD3 /* RowCounterView.swift in Sources */,
				28292BBC2CAC711900EB8AD3 /* ContentView.swift in Sources */,
				28292BE62CAC7A5A00EB8AD3 /* CounterModel.swift in Sources */,
				28292BBA2CAC711900EB8AD3 /* InterviewApp.swift in Sources */,
			);
			runOnlyForDeploymentPostprocessing = 0;
		};
		28292BC22CAC711C00EB8AD3 /* Sources */ = {
			isa = PBXSourcesBuildPhase;
			buildActionMask = 2147483647;
			files = (
				28292BCB2CAC711C00EB8AD3 /* InterviewTests.swift in Sources */,
			);
			runOnlyForDeploymentPostprocessing = 0;
		};
		28292BCC2CAC711C00EB8AD3 /* Sources */ = {
			isa = PBXSourcesBuildPhase;
			buildActionMask = 2147483647;
			files = (
				28292BD72CAC711C00EB8AD3 /* InterviewUITestsLaunchTests.swift in Sources */,
				28292BD52CAC711C00EB8AD3 /* InterviewUITests.swift in Sources */,
			);
			runOnlyForDeploymentPostprocessing = 0;
		};
/* End PBXSourcesBuildPhase section */

/* Begin PBXTargetDependency section */
		28292BC82CAC711C00EB8AD3 /* PBXTargetDependency */ = {
			isa = PBXTargetDependency;
			target = 28292BB52CAC711900EB8AD3 /* Interview */;
			targetProxy = 28292BC72CAC711C00EB8AD3 /* PBXContainerItemProxy */;
		};
		28292BD22CAC711C00EB8AD3 /* PBXTargetDependency */ = {
			isa = PBXTargetDependency;
			target = 28292BB52CAC711900EB8AD3 /* Interview */;
			targetProxy = 28292BD12CAC711C00EB8AD3 /* PBXContainerItemProxy */;
		};
/* End PBXTargetDependency section */

/* Begin XCBuildConfiguration section */
		28292BD82CAC711C00EB8AD3 /* Debug */ = {
			isa = XCBuildConfiguration;
			buildSettings = {
				ALWAYS_SEARCH_USER_PATHS = NO;
				ASSETCATALOG_COMPILER_GENERATE_SWIFT_ASSET_SYMBOL_EXTENSIONS = YES;
				CLANG_ANALYZER_NONNULL = YES;
				CLANG_ANALYZER_NUMBER_OBJECT_CONVERSION = YES_AGGRESSIVE;
				CLANG_CXX_LANGUAGE_STANDARD = "gnu++20";
				CLANG_ENABLE_MODULES = YES;
				CLANG_ENABLE_OBJC_ARC = YES;
				CLANG_ENABLE_OBJC_WEAK = YES;
				CLANG_WARN_BLOCK_CAPTURE_AUTORELEASING = YES;
				CLANG_WARN_BOOL_CONVERSION = YES;
				CLANG_WARN_COMMA = YES;
				CLANG_WARN_CONSTANT_CONVERSION = YES;
				CLANG_WARN_DEPRECATED_OBJC_IMPLEMENTATIONS = YES;
				CLANG_WARN_DIRECT_OBJC_ISA_USAGE = YES_ERROR;
				CLANG_WARN_DOCUMENTATION_COMMENTS = YES;
				CLANG_WARN_EMPTY_BODY = YES;
				CLANG_WARN_ENUM_CONVERSION = YES;
				CLANG_WARN_INFINITE_RECURSION = YES;
				CLANG_WARN_INT_CONVERSION = YES;
				CLANG_WARN_NON_LITERAL_NULL_CONVERSION = YES;
				CLANG_WARN_OBJC_IMPLICIT_RETAIN_SELF = YES;
				CLANG_WARN_OBJC_LITERAL_CONVERSION = YES;
				CLANG_WARN_OBJC_ROOT_CLASS = YES_ERROR;
				CLANG_WARN_QUOTED_INCLUDE_IN_FRAMEWORK_HEADER = YES;
				CLANG_WARN_RANGE_LOOP_ANALYSIS = YES;
				CLANG_WARN_STRICT_PROTOTYPES = YES;
				CLANG_WARN_SUSPICIOUS_MOVE = YES;
				CLANG_WARN_UNGUARDED_AVAILABILITY = YES_AGGRESSIVE;
				CLANG_WARN_UNREACHABLE_CODE = YES;
				CLANG_WARN__DUPLICATE_METHOD_MATCH = YES;
				COPY_PHASE_STRIP = NO;
				DEBUG_INFORMATION_FORMAT = dwarf;
				ENABLE_STRICT_OBJC_MSGSEND = YES;
				ENABLE_TESTABILITY = YES;
				ENABLE_USER_SCRIPT_SANDBOXING = YES;
				GCC_C_LANGUAGE_STANDARD = gnu17;
				GCC_DYNAMIC_NO_PIC = NO;
				GCC_NO_COMMON_BLOCKS = YES;
				GCC_OPTIMIZATION_LEVEL = 0;
				GCC_PREPROCESSOR_DEFINITIONS = (
					"DEBUG=1",
					"$(inherited)",
				);
				GCC_WARN_64_TO_32_BIT_CONVERSION = YES;
				GCC_WARN_ABOUT_RETURN_TYPE = YES_ERROR;
				GCC_WARN_UNDECLARED_SELECTOR = YES;
				GCC_WARN_UNINITIALIZED_AUTOS = YES_AGGRESSIVE;
				GCC_WARN_UNUSED_FUNCTION = YES;
				GCC_WARN_UNUSED_VARIABLE = YES;
				IPHONEOS_DEPLOYMENT_TARGET = 17.5;
				LOCALIZATION_PREFERS_STRING_CATALOGS = YES;
				MTL_ENABLE_DEBUG_INFO = INCLUDE_SOURCE;
				MTL_FAST_MATH = YES;
				ONLY_ACTIVE_ARCH = YES;
				SDKROOT = iphoneos;
				SWIFT_ACTIVE_COMPILATION_CONDITIONS = "DEBUG $(inherited)";
				SWIFT_OPTIMIZATION_LEVEL = "-Onone";
			};
			name = Debug;
		};
		28292BD92CAC711C00EB8AD3 /* Release */ = {
			isa = XCBuildConfiguration;
			buildSettings = {
				ALWAYS_SEARCH_USER_PATHS = NO;
				ASSETCATALOG_COMPILER_GENERATE_SWIFT_ASSET_SYMBOL_EXTENSIONS = YES;
				CLANG_ANALYZER_NONNULL = YES;
				CLANG_ANALYZER_NUMBER_OBJECT_CONVERSION = YES_AGGRESSIVE;
				CLANG_CXX_LANGUAGE_STANDARD = "gnu++20";
				CLANG_ENABLE_MODULES = YES;
				CLANG_ENABLE_OBJC_ARC = YES;
				CLANG_ENABLE_OBJC_WEAK = YES;
				CLANG_WARN_BLOCK_CAPTURE_AUTORELEASING = YES;
				CLANG_WARN_BOOL_CONVERSION = YES;
				CLANG_WARN_COMMA = YES;
				CLANG_WARN_CONSTANT_CONVERSION = YES;
				CLANG_WARN_DEPRECATED_OBJC_IMPLEMENTATIONS = YES;
				CLANG_WARN_DIRECT_OBJC_ISA_USAGE = YES_ERROR;
				CLANG_WARN_DOCUMENTATION_COMMENTS = YES;
				CLANG_WARN_EMPTY_BODY = YES;
				CLANG_WARN_ENUM_CONVERSION = YES;
				CLANG_WARN_INFINITE_RECURSION = YES;
				CLANG_WARN_INT_CONVERSION = YES;
				CLANG_WARN_NON_LITERAL_NULL_CONVERSION = YES;
				CLANG_WARN_OBJC_IMPLICIT_RETAIN_SELF = YES;
				CLANG_WARN_OBJC_LITERAL_CONVERSION = YES;
				CLANG_WARN_OBJC_ROOT_CLASS = YES_ERROR;
				CLANG_WARN_QUOTED_INCLUDE_IN_FRAMEWORK_HEADER = YES;
				CLANG_WARN_RANGE_LOOP_ANALYSIS = YES;
				CLANG_WARN_STRICT_PROTOTYPES = YES;
				CLANG_WARN_SUSPICIOUS_MOVE = YES;
				CLANG_WARN_UNGUARDED_AVAILABILITY = YES_AGGRESSIVE;
				CLANG_WARN_UNREACHABLE_CODE = YES;
				CLANG_WARN__DUPLICATE_METHOD_MATCH = YES;
				COPY_PHASE_STRIP = NO;
				DEBUG_INFORMATION_FORMAT = "dwarf-with-dsym";
				ENABLE_NS_ASSERTIONS = NO;
				ENABLE_STRICT_OBJC_MSGSEND = YES;
				ENABLE_USER_SCRIPT_SANDBOXING = YES;
				GCC_C_LANGUAGE_STANDARD = gnu17;
				GCC_NO_COMMON_BLOCKS = YES;
				GCC_WARN_64_TO_32_BIT_CONVERSION = YES;
				GCC_WARN_ABOUT_RETURN_TYPE = YES_ERROR;
				GCC_WARN_UNDECLARED_SELECTOR = YES;
				GCC_WARN_UNINITIALIZED_AUTOS = YES_AGGRESSIVE;
				GCC_WARN_UNUSED_FUNCTION = YES;
				GCC_WARN_UNUSED_VARIABLE = YES;
				IPHONEOS_DEPLOYMENT_TARGET = 17.5;
				LOCALIZATION_PREFERS_STRING_CATALOGS = YES;
				MTL_ENABLE_DEBUG_INFO = NO;
				MTL_FAST_MATH = YES;
				SDKROOT = iphoneos;
				SWIFT_COMPILATION_MODE = wholemodule;
				VALIDATE_PRODUCT = YES;
			};
			name = Release;
		};
		28292BDB2CAC711C00EB8AD3 /* Debug */ = {
			isa = XCBuildConfiguration;
			buildSettings = {
				ASSETCATALOG_COMPILER_APPICON_NAME = AppIcon;
				ASSETCATALOG_COMPILER_GLOBAL_ACCENT_COLOR_NAME = AccentColor;
				CODE_SIGN_STYLE = Automatic;
				CURRENT_PROJECT_VERSION = 1;
				DEVELOPMENT_ASSET_PATHS = "\"Interview/Preview Content\"";
				ENABLE_PREVIEWS = YES;
				GENERATE_INFOPLIST_FILE = YES;
				INFOPLIST_KEY_UIApplicationSceneManifest_Generation = YES;
				INFOPLIST_KEY_UIApplicationSupportsIndirectInputEvents = YES;
				INFOPLIST_KEY_UILaunchScreen_Generation = YES;
				INFOPLIST_KEY_UISupportedInterfaceOrientations_iPad = "UIInterfaceOrientationPortrait UIInterfaceOrientationPortraitUpsideDown UIInterfaceOrientationLandscapeLeft UIInterfaceOrientationLandscapeRight";
				INFOPLIST_KEY_UISupportedInterfaceOrientations_iPhone = "UIInterfaceOrientationPortrait UIInterfaceOrientationLandscapeLeft UIInterfaceOrientationLandscapeRight";
				LD_RUNPATH_SEARCH_PATHS = (
					"$(inherited)",
					"@executable_path/Frameworks",
				);
				MARKETING_VERSION = 1.0;
				PRODUCT_BUNDLE_IDENTIFIER = L.A.Caelius.Interview;
				PRODUCT_NAME = "$(TARGET_NAME)";
				SWIFT_EMIT_LOC_STRINGS = YES;
				SWIFT_VERSION = 5.0;
				TARGETED_DEVICE_FAMILY = "1,2";
			};
			name = Debug;
		};
		28292BDC2CAC711C00EB8AD3 /* Release */ = {
			isa = XCBuildConfiguration;
			buildSettings = {
				ASSETCATALOG_COMPILER_APPICON_NAME = AppIcon;
				ASSETCATALOG_COMPILER_GLOBAL_ACCENT_COLOR_NAME = AccentColor;
				CODE_SIGN_STYLE = Automatic;
				CURRENT_PROJECT_VERSION = 1;
				DEVELOPMENT_ASSET_PATHS = "\"Interview/Preview Content\"";
				ENABLE_PREVIEWS = YES;
				GENERATE_INFOPLIST_FILE = YES;
				INFOPLIST_KEY_UIApplicationSceneManifest_Generation = YES;
				INFOPLIST_KEY_UIApplicationSupportsIndirectInputEvents = YES;
				INFOPLIST_KEY_UILaunchScreen_Generation = YES;
				INFOPLIST_KEY_UISupportedInterfaceOrientations_iPad = "UIInterfaceOrientationPortrait UIInterfaceOrientationPortraitUpsideDown UIInterfaceOrientationLandscapeLeft UIInterfaceOrientationLandscapeRight";
				INFOPLIST_KEY_UISupportedInterfaceOrientations_iPhone = "UIInterfaceOrientationPortrait UIInterfaceOrientationLandscapeLeft UIInterfaceOrientationLandscapeRight";
				LD_RUNPATH_SEARCH_PATHS = (
					"$(inherited)",
					"@executable_path/Frameworks",
				);
				MARKETING_VERSION = 1.0;
				PRODUCT_BUNDLE_IDENTIFIER = L.A.Caelius.Interview;
				PRODUCT_NAME = "$(TARGET_NAME)";
				SWIFT_EMIT_LOC_STRINGS = YES;
				SWIFT_VERSION = 5.0;
				TARGETED_DEVICE_FAMILY = "1,2";
			};
			name = Release;
		};
		28292BDE2CAC711C00EB8AD3 /* Debug */ = {
			isa = XCBuildConfiguration;
			buildSettings = {
				ALWAYS_EMBED_SWIFT_STANDARD_LIBRARIES = YES;
				BUNDLE_LOADER = "$(TEST_HOST)";
				CODE_SIGN_STYLE = Automatic;
				CURRENT_PROJECT_VERSION = 1;
				GENERATE_INFOPLIST_FILE = YES;
				IPHONEOS_DEPLOYMENT_TARGET = 17.5;
				MARKETING_VERSION = 1.0;
				PRODUCT_BUNDLE_IDENTIFIER = L.A.Caelius.InterviewTests;
				PRODUCT_NAME = "$(TARGET_NAME)";
				SWIFT_EMIT_LOC_STRINGS = NO;
				SWIFT_VERSION = 5.0;
				TARGETED_DEVICE_FAMILY = "1,2";
				TEST_HOST = "$(BUILT_PRODUCTS_DIR)/Interview.app/$(BUNDLE_EXECUTABLE_FOLDER_PATH)/Interview";
			};
			name = Debug;
		};
		28292BDF2CAC711C00EB8AD3 /* Release */ = {
			isa = XCBuildConfiguration;
			buildSettings = {
				ALWAYS_EMBED_SWIFT_STANDARD_LIBRARIES = YES;
				BUNDLE_LOADER = "$(TEST_HOST)";
				CODE_SIGN_STYLE = Automatic;
				CURRENT_PROJECT_VERSION = 1;
				GENERATE_INFOPLIST_FILE = YES;
				IPHONEOS_DEPLOYMENT_TARGET = 17.5;
				MARKETING_VERSION = 1.0;
				PRODUCT_BUNDLE_IDENTIFIER = L.A.Caelius.InterviewTests;
				PRODUCT_NAME = "$(TARGET_NAME)";
				SWIFT_EMIT_LOC_STRINGS = NO;
				SWIFT_VERSION = 5.0;
				TARGETED_DEVICE_FAMILY = "1,2";
				TEST_HOST = "$(BUILT_PRODUCTS_DIR)/Interview.app/$(BUNDLE_EXECUTABLE_FOLDER_PATH)/Interview";
			};
			name = Release;
		};
		28292BE12CAC711C00EB8AD3 /* Debug */ = {
			isa = XCBuildConfiguration;
			buildSettings = {
				ALWAYS_EMBED_SWIFT_STANDARD_LIBRARIES = YES;
				CODE_SIGN_STYLE = Automatic;
				CURRENT_PROJECT_VERSION = 1;
				GENERATE_INFOPLIST_FILE = YES;
				MARKETING_VERSION = 1.0;
				PRODUCT_BUNDLE_IDENTIFIER = L.A.Caelius.InterviewUITests;
				PRODUCT_NAME = "$(TARGET_NAME)";
				SWIFT_EMIT_LOC_STRINGS = NO;
				SWIFT_VERSION = 5.0;
				TARGETED_DEVICE_FAMILY = "1,2";
				TEST_TARGET_NAME = Interview;
			};
			name = Debug;
		};
		28292BE22CAC711C00EB8AD3 /* Release */ = {
			isa = XCBuildConfiguration;
			buildSettings = {
				ALWAYS_EMBED_SWIFT_STANDARD_LIBRARIES = YES;
				CODE_SIGN_STYLE = Automatic;
				CURRENT_PROJECT_VERSION = 1;
				GENERATE_INFOPLIST_FILE = YES;
				MARKETING_VERSION = 1.0;
				PRODUCT_BUNDLE_IDENTIFIER = L.A.Caelius.InterviewUITests;
				PRODUCT_NAME = "$(TARGET_NAME)";
				SWIFT_EMIT_LOC_STRINGS = NO;
				SWIFT_VERSION = 5.0;
				TARGETED_DEVICE_FAMILY = "1,2";
				TEST_TARGET_NAME = Interview;
			};
			name = Release;
		};
/* End XCBuildConfiguration section */

/* Begin XCConfigurationList section */
		28292BB12CAC711900EB8AD3 /* Build configuration list for PBXProject "Interview" */ = {
			isa = XCConfigurationList;
			buildConfigurations = (
				28292BD82CAC711C00EB8AD3 /* Debug */,
				28292BD92CAC711C00EB8AD3 /* Release */,
			);
			defaultConfigurationIsVisible = 0;
			defaultConfigurationName = Release;
		};
		28292BDA2CAC711C00EB8AD3 /* Build configuration list for PBXNativeTarget "Interview" */ = {
			isa = XCConfigurationList;
			buildConfigurations = (
				28292BDB2CAC711C00EB8AD3 /* Debug */,
				28292BDC2CAC711C00EB8AD3 /* Release */,
			);
			defaultConfigurationIsVisible = 0;
			defaultConfigurationName = Release;
		};
		28292BDD2CAC711C00EB8AD3 /* Build configuration list for PBXNativeTarget "InterviewTests" */ = {
			isa = XCConfigurationList;
			buildConfigurations = (
				28292BDE2CAC711C00EB8AD3 /* Debug */,
				28292BDF2CAC711C00EB8AD3 /* Release */,
			);
			defaultConfigurationIsVisible = 0;
			defaultConfigurationName = Release;
		};
		28292BE02CAC711C00EB8AD3 /* Build configuration list for PBXNativeTarget "InterviewUITests" */ = {
			isa = XCConfigurationList;
			buildConfigurations = (
				28292BE12CAC711C00EB8AD3 /* Debug */,
				28292BE22CAC711C00EB8AD3 /* Release */,
			);
			defaultConfigurationIsVisible = 0;
			defaultConfigurationName = Release;
		};
/* End XCConfigurationList section */
	};
	rootObject = 28292BAE2CAC711900EB8AD3 /* Project object */;
}
